Microsoft Visual Studio Solution File, Format Version 12.00
# Visual Studio Version 17
VisualStudioVersion = 17.5.2.0
MinimumVisualStudioVersion = 10.0.40219.1
Project("{FAE04EC0-301F-11D3-BF4B-00C04F79EFBC}") = "RajCam", "RajCam\RajCam.csproj", "{87CFEC17-773C-9F0C-5B1B-81CB155C1ABB}"
EndProject
Global
	GlobalSection(SolutionConfigurationPlatforms) = preSolution
		Debug|Any CPU = Debug|Any CPU
		Release|Any CPU = Release|Any CPU
	EndGlobalSection
	GlobalSection(ProjectConfigurationPlatforms) = postSolution
		{87CFEC17-773C-9F0C-5B1B-81CB155C1ABB}.Debug|Any CPU.ActiveCfg = Debug|Any CPU
		{87CFEC17-773C-9F0C-5B1B-81CB155C1ABB}.Debug|Any CPU.Build.0 = Debug|Any CPU
		{87CFEC17-773C-9F0C-5B1B-81CB155C1ABB}.Release|Any CPU.ActiveCfg = Release|Any CPU
		{87CFEC17-773C-9F0C-5B1B-81CB155C1ABB}.Release|Any CPU.Build.0 = Release|Any CPU
	EndGlobalSection
	GlobalSection(SolutionProperties) = preSolution
		HideSolutionNode = FALSE
	EndGlobalSection
	GlobalSection(ExtensibilityGlobals) = postSolution
		SolutionGuid = {C5F35E78-C481-4B34-BDC0-2E1E065DAEC2}
	EndGlobalSection
EndGlobal
